
Microsoft Visual Studio Solution File, Format Version 12.00
# Visual Studio Version 17
VisualStudioVersion = 17.14.37216.2 d17.14
MinimumVisualStudioVersion = 10.0.40219.1
Project("{FAE04EC0-301F-11D3-BF4B-00C04F79EFBC}") = "W5i - Controle de Atendimentos", "W5i - Controle de Atendimentos.csproj", "{0FEDCB8D-A640-4DDE-B367-08D30028FC59}"
EndProject
Global
	GlobalSection(SolutionConfigurationPlatforms) = preSolution
		Debug|Any CPU = Debug|Any CPU
		Release|Any CPU = Release|Any CPU
	EndGlobalSection
	GlobalSection(ProjectConfigurationPlatforms) = postSolution
		{0FEDCB8D-A640-4DDE-B367-08D30028FC59}.Debug|Any CPU.ActiveCfg = Debug|Any CPU
		{0FEDCB8D-A640-4DDE-B367-08D30028FC59}.Debug|Any CPU.Build.0 = Debug|Any CPU
		{0FEDCB8D-A640-4DDE-B367-08D30028FC59}.Release|Any CPU.ActiveCfg = Release|Any CPU
		{0FEDCB8D-A640-4DDE-B367-08D30028FC59}.Release|Any CPU.Build.0 = Release|Any CPU
	EndGlobalSection
	GlobalSection(SolutionProperties) = preSolution
		HideSolutionNode = FALSE
	EndGlobalSection
	GlobalSection(ExtensibilityGlobals) = postSolution
		SolutionGuid = {B17BC37E-4953-4A7A-849E-578450B9C958}
	EndGlobalSection
EndGlobal
